
Microsoft Visual Studio Solution File, Format Version 12.00
# Visual Studio Version 16
VisualStudioVersion = 16.0.30204.135
MinimumVisualStudioVersion = 10.0.40219.1
Project("{FAE04EC0-301F-11D3-BF4B-00C04F79EFBC}") = "PlugInReviewTest", "PlugInReviewTest\PlugInReviewTest.csproj", "{9774B669-7E80-48E7-86C4-2F2DF5FD0342}"
EndProject
Global
	GlobalSection(SolutionConfigurationPlatforms) = preSolution
		Debug|Any CPU = Debug|Any CPU
		Release|Any CPU = Release|Any CPU
	EndGlobalSection
	GlobalSection(ProjectConfigurationPlatforms) = postSolution
		{9774B669-7E80-48E7-86C4-2F2DF5FD0342}.Debug|Any CPU.ActiveCfg = Debug|Any CPU
		{9774B669-7E80-48E7-86C4-2F2DF5FD0342}.Debug|Any CPU.Build.0 = Debug|Any CPU
		{9774B669-7E80-48E7-86C4-2F2DF5FD0342}.Release|Any CPU.ActiveCfg = Release|Any CPU
		{9774B669-7E80-48E7-86C4-2F2DF5FD0342}.Release|Any CPU.Build.0 = Release|Any CPU
	EndGlobalSection
	GlobalSection(SolutionProperties) = preSolution
		HideSolutionNode = FALSE
	EndGlobalSection
	GlobalSection(ExtensibilityGlobals) = postSolution
		SolutionGuid = {4557D734-5CA0-47AF-96E8-8E80FA1CA924}
	EndGlobalSection
EndGlobal
